
Microsoft Visual Studio Solution File, Format Version 12.00
# Visual Studio Version 17
VisualStudioVersion = 17.4.33213.308
MinimumVisualStudioVersion = 10.0.40219.1
Project("{FAE04EC0-301F-11D3-BF4B-00C04F79EFBC}") = "TestSocketThing", "TestSocketThing\TestSocketThing.csproj", "{6FB2183A-16A2-436E-9659-12D3AA2390E4}"
EndProject
Global
	GlobalSection(SolutionConfigurationPlatforms) = preSolution
		Debug|Any CPU = Debug|Any CPU
		Release|Any CPU = Release|Any CPU
	EndGlobalSection
	GlobalSection(ProjectConfigurationPlatforms) = postSolution
		{6FB2183A-16A2-436E-9659-12D3AA2390E4}.Debug|Any CPU.ActiveCfg = Debug|Any CPU
		{6FB2183A-16A2-436E-9659-12D3AA2390E4}.Debug|Any CPU.Build.0 = Debug|Any CPU
		{6FB2183A-16A2-436E-9659-12D3AA2390E4}.Release|Any CPU.ActiveCfg = Release|Any CPU
		{6FB2183A-16A2-436E-9659-12D3AA2390E4}.Release|Any CPU.Build.0 = Release|Any CPU
	EndGlobalSection
	GlobalSection(SolutionProperties) = preSolution
		HideSolutionNode = FALSE
	EndGlobalSection
	GlobalSection(ExtensibilityGlobals) = postSolution
		SolutionGuid = {4DAFE70B-8F63-4014-846D-9615E271DEE0}
	EndGlobalSection
EndGlobal
